github.com/labstack/echo/v5 v5.1.1 h1:4QkvKoS8ps5ch49t8b72QS9Z581ytgxhTzxuB/CBA2I=
github.com/labstack/echo/v5 v5.1.1/go.mod h1:SyvlSdObGjRXeQfCCXW/sybkZdOOQZBmpKF0bvALaeo=
github.com/pchchv/env v0.0.0-20230407190545-6b70f0aa859f h1:Yd9HVObOi414sbpfM/NSi5+RG3IwnRmNMkKoVECe1DU=
github.com/pchchv/env v0.0.0-20230407190545-6b70f0aa859f/go.mod h1:23CoPvHcm1K9RITtvD/IKY2I9SCf7VeWVLmmypKcquE=
golang.org/x/time v0.14.0 h1:MRx4UaLrDotUKUdCIqzPC48t1Y9hANFKIRpNx+Te8PI=
golang.org/x/time v0.14.0/go.mod h1:eL/Oa2bBBK0TkX57Fyni+NgnyQQN4LitPmob2Hjnqw4=
